// !$*UTF8*$!
{
	archiveVersion = 1;
	classes = {
	};
	objectVersion = 50;
	objects = {

/* Begin PBXBuildFile section */
		1EB0BD08237679A00023A340 /* AppDelegate.swift in Sources */ = {isa = PBXBuildFile; fileRef = 1EB0BD07237679A00023A340 /* AppDelegate.swift */; };
		1EB0BD0A237679A00023A340 /* SceneDelegate.swift in Sources */ = {isa = PBXBuildFile; fileRef = 1EB0BD09237679A00023A340 /* SceneDelegate.swift */; };
		1EB0BD0C237679A00023A340 /* ViewController.swift in Sources */ = {isa = PBXBuildFile; fileRef = 1EB0BD0B237679A00023A340 /* ViewController.swift */; };
		1EB0BD0F237679A00023A340 /* Main.storyboard in Resources */ = {isa = PBXBuildFile; fileRef = 1EB0BD0D237679A00023A340 /* Main.storyboard */; };
		1EB0BD11237679A10023A340 /* Assets.xcassets in Resources */ = {isa = PBXBuildFile; fileRef = 1EB0BD10237679A10023A340 /* Assets.xcassets */; };
		1EB0BD14237679A10023A340 /* LaunchScreen.storyboard in Resources */ = {isa = PBXBuildFile; fileRef = 1EB0BD12237679A10023A340 /* LaunchScreen.storyboard */; };
		1EB0BD1F237679A10023A340 /* InventoryTests.swift in Sources */ = {isa = PBXBuildFile; fileRef = 1EB0BD1E237679A10023A340 /* InventoryTests.swift */; };
		1EB0BD2A237679A10023A340 /* InventoryUITests.swift in Sources */ = {isa = PBXBuildFile; fileRef = 1EB0BD29237679A10023A340 /* InventoryUITests.swift */; };
/* End PBXBuildFile section */

/* Begin PBXContainerItemProxy section */
		1EB0BD1B237679A10023A340 /* PBXContainerItemProxy */ = {
			isa = PBXContainerItemProxy;
			containerPortal = 1EB0BCFC237679A00023A340 /* Project object */;
			proxyType = 1;
			remoteGlobalIDString = 1EB0BD03237679A00023A340;
			remoteInfo = Inventory;
		};
		1EB0BD26237679A10023A340 /* PBXContainerItemProxy */ = {
			isa = PBXContainerItemProxy;
			containerPortal = 1EB0BCFC237679A00023A340 /* Project object */;
			proxyType = 1;
			remoteGlobalIDString = 1EB0BD03237679A00023A340;
			remoteInfo = Inventory;
		};
/* End PBXContainerItemProxy section */

/* Begin PBXFileReference section */
		1EB0BD04237679A00023A340 /* Inventory.app */ = {isa = PBXFileReference; explicitFileType = wrapper.application; includeInIndex = 0; path = Inventory.app; sourceTree = BUILT_PRODUCTS_DIR; };
		1EB0BD07237679A00023A340 /* AppDelegate.swift */ = {isa = PBXFileReference; lastKnownFileType = sourcecode.swift; path = AppDelegate.swift; sourceTree = "<group>"; };
		1EB0BD09237679A00023A340 /* SceneDelegate.swift */ = {isa = PBXFileReference; lastKnownFileType = sourcecode.swift; path = SceneDelegate.swift; sourceTree = "<group>"; };
		1EB0BD0B237679A00023A340 /* ViewController.swift */ = {isa = PBXFileReference; lastKnownFileType = sourcecode.swift; path = ViewController.swift; sourceTree = "<group>"; };
		1EB0BD0E237679A00023A340 /* Base */ = {isa = PBXFileReference; lastKnownFileType = file.storyboard; name = Base; path = Base.lproj/Main.storyboard; sourceTree = "<group>"; };
		1EB0BD10237679A10023A340 /* Assets.xcassets */ = {isa = PBXFileReference; lastKnownFileType = folder.assetcatalog; path = Assets.xcassets; sourceTree = "<group>"; };
		1EB0BD13237679A10023A340 /* Base */ = {isa = PBXFileReference; lastKnownFileType = file.storyboard; name = Base; path = Base.lproj/LaunchScreen.storyboard; sourceTree = "<group>"; };
		1EB0BD15237679A10023A340 /* Info.plist */ = {isa = PBXFileReference; lastKnownFileType = text.plist.xml; path = Info.plist; sourceTree = "<group>"; };
		1EB0BD1A237679A10023A340 /* InventoryTests.xctest */ = {isa = PBXFileReference; explicitFileType = wrapper.cfbundle; includeInIndex = 0; path = InventoryTests.xctest; sourceTree = BUILT_PRODUCTS_DIR; };
		1EB0BD1E237679A10023A340 /* InventoryTests.swift */ = {isa = PBXFileReference; lastKnownFileType = sourcecode.swift; path = InventoryTests.swift; sourceTree = "<group>"; };
		1EB0BD20237679A10023A340 /* Info.plist */ = {isa = PBXFileReference; lastKnownFileType = text.plist.xml; path = Info.plist; sourceTree = "<group>"; };
		1EB0BD25237679A10023A340 /* InventoryUITests.xctest */ = {isa = PBXFileReference; explicitFileType = wrapper.cfbundle; includeInIndex = 0; path = InventoryUITests.xctest; sourceTree = BUILT_PRODUCTS_DIR; };
		1EB0BD29237679A10023A340 /* InventoryUITests.swift */ = {isa = PBXFileReference; lastKnownFileType = sourcecode.swift; path = InventoryUITests.swift; sourceTree = "<group>"; };
		1EB0BD2B237679A10023A340 /* Info.plist */ = {isa = PBXFileReference; lastKnownFileType = text.plist.xml; path = Info.plist; sourceTree = "<group>"; };
/* End PBXFileReference section */

/* Begin PBXFrameworksBuildPhase section */
		1EB0BD01237679A00023A340 /* Frameworks */ = {
			isa = PBXFrameworksBuildPhase;
			buildActionMask = 2147483647;
			files = (
			);
			runOnlyForDeploymentPostprocessing = 0;
		};
		1EB0BD17237679A10023A340 /* Frameworks */ = {
			isa = PBXFrameworksBuildPhase;
			buildActionMask = 2147483647;
			files = (
			);
			runOnlyForDeploymentPostprocessing = 0;
		};
		1EB0BD22237679A10023A340 /* Frameworks */ = {
			isa = PBXFrameworksBuildPhase;
			buildActionMask = 2147483647;
			files = (
			);
			runOnlyForDeploymentPostprocessing = 0;
		};
/* End PBXFrameworksBuildPhase section */

/* Begin PBXGroup section */
		1EB0BCFB237679A00023A340 = {
			isa = PBXGroup;
			children = (
				1EB0BD06237679A00023A340 /* Inventory */,
				1EB0BD1D237679A10023A340 /* InventoryTests */,
				1EB0BD28237679A10023A340 /* InventoryUITests */,
				1EB0BD05237679A00023A340 /* Products */,
			);
			sourceTree = "<group>";
		};
		1EB0BD05237679A00023A340 /* Products */ = {
			isa = PBXGroup;
			children = (
				1EB0BD04237679A00023A340 /* Inventory.app */,
				1EB0BD1A237679A10023A340 /* InventoryTests.xctest */,
				1EB0BD25237679A10023A340 /* InventoryUITests.xctest */,
			);
			name = Products;
			sourceTree = "<group>";
		};
		1EB0BD06237679A00023A340 /* Inventory */ = {
			isa = PBXGroup;
			children = (
				1EB0BD07237679A00023A340 /* AppDelegate.swift */,
				1EB0BD09237679A00023A340 /* SceneDelegate.swift */,
				1EB0BD0B237679A00023A340 /* ViewController.swift */,
				1EB0BD0D237679A00023A340 /* Main.storyboard */,
				1EB0BD10237679A10023A340 /* Assets.xcassets */,
				1EB0BD12237679A10023A340 /* LaunchScreen.storyboard */,
				1EB0BD15237679A10023A340 /* Info.plist */,
			);
			path = Inventory;
			sourceTree = "<group>";
		};
		1EB0BD1D237679A10023A340 /* InventoryTests */ = {
			isa = PBXGroup;
			children = (
				1EB0BD1E237679A10023A340 /* InventoryTests.swift */,
				1EB0BD20237679A10023A340 /* Info.plist */,
			);
			path = InventoryTests;
			sourceTree = "<group>";
		};
		1EB0BD28237679A10023A340 /* InventoryUITests */ = {
			isa = PBXGroup;
			children = (
				1EB0BD29237679A10023A340 /* InventoryUITests.swift */,
				1EB0BD2B237679A10023A340 /* Info.plist */,
			);
			path = InventoryUITests;
			sourceTree = "<group>";
		};
/* End PBXGroup section */

/* Begin PBXNativeTarget section */
		1EB0BD03237679A00023A340 /* Inventory */ = {
			isa = PBXNativeTarget;
			buildConfigurationList = 1EB0BD2E237679A10023A340 /* Build configuration list for PBXNativeTarget "Inventory" */;
			buildPhases = (
				1EB0BD00237679A00023A340 /* Sources */,
				1EB0BD01237679A00023A340 /* Frameworks */,
				1EB0BD02237679A00023A340 /* Resources */,
			);
			buildRules = (
			);
			dependencies = (
			);
			name = Inventory;
			productName = Inventory;
			productReference = 1EB0BD04237679A00023A340 /* Inventory.app */;
			productType = "com.apple.product-type.application";
		};
		1EB0BD19237679A10023A340 /* InventoryTests */ = {
			isa = PBXNativeTarget;
			buildConfigurationList = 1EB0BD31237679A10023A340 /* Build configuration list for PBXNativeTarget "InventoryTests" */;
			buildPhases = (
				1EB0BD16237679A10023A340 /* Sources */,
				1EB0BD17237679A10023A340 /* Frameworks */,
				1EB0BD18237679A10023A340 /* Resources */,
			);
			buildRules = (
			);
			dependencies = (
				1EB0BD1C237679A10023A340 /* PBXTargetDependency */,
			);
			name = InventoryTests;
			productName = InventoryTests;
			productReference = 1EB0BD1A237679A10023A340 /* InventoryTests.xctest */;
			productType = "com.apple.product-type.bundle.unit-test";
		};
		1EB0BD24237679A10023A340 /* InventoryUITests */ = {
			isa = PBXNativeTarget;
			buildConfigurationList = 1EB0BD34237679A10023A340 /* Build configuration list for PBXNativeTarget "InventoryUITests" */;
			buildPhases = (
				1EB0BD21237679A10023A340 /* Sources */,
				1EB0BD22237679A10023A340 /* Frameworks */,
				1EB0BD23237679A10023A340 /* Resources */,
			);
			buildRules = (
			);
			dependencies = (
				1EB0BD27237679A10023A340 /* PBXTargetDependency */,
			);
			name = InventoryUITests;
			productName = InventoryUITests;
			productReference = 1EB0BD25237679A10023A340 /* InventoryUITests.xctest */;
			productType = "com.apple.product-type.bundle.ui-testing";
		};
/* End PBXNativeTarget section */

/* Begin PBXProject section */
		1EB0BCFC237679A00023A340 /* Project object */ = {
			isa = PBXProject;
			attributes = {
				LastSwiftUpdateCheck = 1120;
				LastUpgradeCheck = 1120;
				ORGANIZATIONNAME = "Carmel Braga";
				TargetAttributes = {
					1EB0BD03237679A00023A340 = {
						CreatedOnToolsVersion = 11.2;
					};
					1EB0BD19237679A10023A340 = {
						CreatedOnToolsVersion = 11.2;
						TestTargetID = 1EB0BD03237679A00023A340;
					};
					1EB0BD24237679A10023A340 = {
						CreatedOnToolsVersion = 11.2;
						TestTargetID = 1EB0BD03237679A00023A340;
					};
				};
			};
			buildConfigurationList = 1EB0BCFF237679A00023A340 /* Build configuration list for PBXProject "Inventory" */;
			compatibilityVersion = "Xcode 9.3";
			developmentRegion = en;
			hasScannedForEncodings = 0;
			knownRegions = (
				en,
				Base,
			);
			mainGroup = 1EB0BCFB237679A00023A340;
			productRefGroup = 1EB0BD05237679A00023A340 /* Products */;
			projectDirPath = "";
			projectRoot = "";
			targets = (
				1EB0BD03237679A00023A340 /* Inventory */,
				1EB0BD19237679A10023A340 /* InventoryTests */,
				1EB0BD24237679A10023A340 /* InventoryUITests */,
			);
		};
/* End PBXProject section */

/* Begin PBXResourcesBuildPhase section */
		1EB0BD02237679A00023A340 /* Resources */ = {
			isa = PBXResourcesBuildPhase;
			buildActionMask = 2147483647;
			files = (
				1EB0BD14237679A10023A340 /* LaunchScreen.storyboard in Resources */,
				1EB0BD11237679A10023A340 /* Assets.xcassets in Resources */,
				1EB0BD0F237679A00023A340 /* Main.storyboard in Resources */,
			);
			runOnlyForDeploymentPostprocessing = 0;
		};
		1EB0BD18237679A10023A340 /* Resources */ = {
			isa = PBXResourcesBuildPhase;
			buildActionMask = 2147483647;
			files = (
			);
			runOnlyForDeploymentPostprocessing = 0;
		};
		1EB0BD23237679A10023A340 /* Resources */ = {
			isa = PBXResourcesBuildPhase;
			buildActionMask = 2147483647;
			files = (
			);
			runOnlyForDeploymentPostprocessing = 0;
		};
/* End PBXResourcesBuildPhase section */

/* Begin PBXSourcesBuildPhase section */
		1EB0BD00237679A00023A340 /* Sources */ = {
			isa = PBXSourcesBuildPhase;
			buildActionMask = 2147483647;
			files = (
				1EB0BD0C237679A00023A340 /* ViewController.swift in Sources */,
				1EB0BD08237679A00023A340 /* AppDelegate.swift in Sources */,
				1EB0BD0A237679A00023A340 /* SceneDelegate.swift in Sources */,
			);
			runOnlyForDeploymentPostprocessing = 0;
		};
		1EB0BD16237679A10023A340 /* Sources */ = {
			isa = PBXSourcesBuildPhase;
			buildActionMask = 2147483647;
			files = (
				1EB0BD1F237679A10023A340 /* InventoryTests.swift in Sources */,
			);
			runOnlyForDeploymentPostprocessing = 0;
		};
		1EB0BD21237679A10023A340 /* Sources */ = {
			isa = PBXSourcesBuildPhase;
			buildActionMask = 2147483647;
			files = (
				1EB0BD2A237679A10023A340 /* InventoryUITests.swift in Sources */,
			);
			runOnlyForDeploymentPostprocessing = 0;
		};
/* End PBXSourcesBuildPhase section */

/* Begin PBXTargetDependency section */
		1EB0BD1C237679A10023A340 /* PBXTargetDependency */ = {
			isa = PBXTargetDependency;
			target = 1EB0BD03237679A00023A340 /* Inventory */;
			targetProxy = 1EB0BD1B237679A10023A340 /* PBXContainerItemProxy */;
		};
		1EB0BD27237679A10023A340 /* PBXTargetDependency */ = {
			isa = PBXTargetDependency;
			target = 1EB0BD03237679A00023A340 /* Inventory */;
			targetProxy = 1EB0BD26237679A10023A340 /* PBXContainerItemProxy */;
		};
/* End PBXTargetDependency section */

/* Begin PBXVariantGroup section */
		1EB0BD0D237679A00023A340 /* Main.storyboard */ = {
			isa = PBXVariantGroup;
			children = (
				1EB0BD0E237679A00023A340 /* Base */,
			);
			name = Main.storyboard;
			sourceTree = "<group>";
		};
		1EB0BD12237679A10023A340 /* LaunchScreen.storyboard */ = {
			isa = PBXVariantGroup;
			children = (
				1EB0BD13237679A10023A340 /* Base */,
			);
			name = LaunchScreen.storyboard;
			sourceTree = "<group>";
		};
/* End PBXVariantGroup section */

/* Begin XCBuildConfiguration section */
		1EB0BD2C237679A10023A340 /* Debug */ = {
			isa = XCBuildConfiguration;
			buildSettings = {
				ALWAYS_SEARCH_USER_PATHS = NO;
				CLANG_ANALYZER_NONNULL = YES;
				CLANG_ANALYZER_NUMBER_OBJECT_CONVERSION = YES_AGGRESSIVE;
				CLANG_CXX_LANGUAGE_STANDARD = "gnu++14";
				CLANG_CXX_LIBRARY = "libc++";
				CLANG_ENABLE_MODULES = YES;
				CLANG_ENABLE_OBJC_ARC = YES;
				CLANG_ENABLE_OBJC_WEAK = YES;
				CLANG_WARN_BLOCK_CAPTURE_AUTORELEASING = YES;
				CLANG_WARN_BOOL_CONVERSION = YES;
				CLANG_WARN_COMMA = YES;
				CLANG_WARN_CONSTANT_CONVERSION = YES;
				CLANG_WARN_DEPRECATED_OBJC_IMPLEMENTATIONS = YES;
				CLANG_WARN_DIRECT_OBJC_ISA_USAGE = YES_ERROR;
				CLANG_WARN_DOCUMENTATION_COMMENTS = YES;
				CLANG_WARN_EMPTY_BODY = YES;
				CLANG_WARN_ENUM_CONVERSION = YES;
				CLANG_WARN_INFINITE_RECURSION = YES;
				CLANG_WARN_INT_CONVERSION = YES;
				CLANG_WARN_NON_LITERAL_NULL_CONVERSION = YES;
				CLANG_WARN_OBJC_IMPLICIT_RETAIN_SELF = YES;
				CLANG_WARN_OBJC_LITERAL_CONVERSION = YES;
				CLANG_WARN_OBJC_ROOT_CLASS = YES_ERROR;
				CLANG_WARN_RANGE_LOOP_ANALYSIS = YES;
				CLANG_WARN_STRICT_PROTOTYPES = YES;
				CLANG_WARN_SUSPICIOUS_MOVE = YES;
				CLANG_WARN_UNGUARDED_AVAILABILITY = YES_AGGRESSIVE;
				CLANG_WARN_UNREACHABLE_CODE = YES;
				CLANG_WARN__DUPLICATE_METHOD_MATCH = YES;
				COPY_PHASE_STRIP = NO;
				DEBUG_INFORMATION_FORMAT = dwarf;
				ENABLE_STRICT_OBJC_MSGSEND = YES;
				ENABLE_TESTABILITY = YES;
				GCC_C_LANGUAGE_STANDARD = gnu11;
				GCC_DYNAMIC_NO_PIC = NO;
				GCC_NO_COMMON_BLOCKS = YES;
				GCC_OPTIMIZATION_LEVEL = 0;
				GCC_PREPROCESSOR_DEFINITIONS = (
					"DEBUG=1",
					"$(inherited)",
				);
				GCC_WARN_64_TO_32_BIT_CONVERSION = YES;
				GCC_WARN_ABOUT_RETURN_TYPE = YES_ERROR;
				GCC_WARN_UNDECLARED_SELECTOR = YES;
				GCC_WARN_UNINITIALIZED_AUTOS = YES_AGGRESSIVE;
				GCC_WARN_UNUSED_FUNCTION = YES;
				GCC_WARN_UNUSED_VARIABLE = YES;
				IPHONEOS_DEPLOYMENT_TARGET = 13.2;
				MTL_ENABLE_DEBUG_INFO = INCLUDE_SOURCE;
				MTL_FAST_MATH = YES;
				ONLY_ACTIVE_ARCH = YES;
				SDKROOT = iphoneos;
				SWIFT_ACTIVE_COMPILATION_CONDITIONS = DEBUG;
				SWIFT_OPTIMIZATION_LEVEL = "-Onone";
			};
			name = Debug;
		};
		1EB0BD2D237679A10023A340 /* Release */ = {
			isa = XCBuildConfiguration;
			buildSettings = {
				ALWAYS_SEARCH_USER_PATHS = NO;
				CLANG_ANALYZER_NONNULL = YES;
				CLANG_ANALYZER_NUMBER_OBJECT_CONVERSION = YES_AGGRESSIVE;
				CLANG_CXX_LANGUAGE_STANDARD = "gnu++14";
				CLANG_CXX_LIBRARY = "libc++";
				CLANG_ENABLE_MODULES = YES;
				CLANG_ENABLE_OBJC_ARC = YES;
				CLANG_ENABLE_OBJC_WEAK = YES;
				CLANG_WARN_BLOCK_CAPTURE_AUTORELEASING = YES;
				CLANG_WARN_BOOL_CONVERSION = YES;
				CLANG_WARN_COMMA = YES;
				CLANG_WARN_CONSTANT_CONVERSION = YES;
				CLANG_WARN_DEPRECATED_OBJC_IMPLEMENTATIONS = YES;
				CLANG_WARN_DIRECT_OBJC_ISA_USAGE = YES_ERROR;
				CLANG_WARN_DOCUMENTATION_COMMENTS = YES;
				CLANG_WARN_EMPTY_BODY = YES;
				CLANG_WARN_ENUM_CONVERSION = YES;
				CLANG_WARN_INFINITE_RECURSION = YES;
				CLANG_WARN_INT_CONVERSION = YES;
				CLANG_WARN_NON_LITERAL_NULL_CONVERSION = YES;
				CLANG_WARN_OBJC_IMPLICIT_RETAIN_SELF = YES;
				CLANG_WARN_OBJC_LITERAL_CONVERSION = YES;
				CLANG_WARN_OBJC_ROOT_CLASS = YES_ERROR;
				CLANG_WARN_RANGE_LOOP_ANALYSIS = YES;
				CLANG_WARN_STRICT_PROTOTYPES = YES;
				CLANG_WARN_SUSPICIOUS_MOVE = YES;
				CLANG_WARN_UNGUARDED_AVAILABILITY = YES_AGGRESSIVE;
				CLANG_WARN_UNREACHABLE_CODE = YES;
				CLANG_WARN__DUPLICATE_METHOD_MATCH = YES;
				COPY_PHASE_STRIP = NO;
				DEBUG_INFORMATION_FORMAT = "dwarf-with-dsym";
				ENABLE_NS_ASSERTIONS = NO;
				ENABLE_STRICT_OBJC_MSGSEND = YES;
				GCC_C_LANGUAGE_STANDARD = gnu11;
				GCC_NO_COMMON_BLOCKS = YES;
				GCC_WARN_64_TO_32_BIT_CONVERSION = YES;
				GCC_WARN_ABOUT_RETURN_TYPE = YES_ERROR;
				GCC_WARN_UNDECLARED_SELECTOR = YES;
				GCC_WARN_UNINITIALIZED_AUTOS = YES_AGGRESSIVE;
				GCC_WARN_UNUSED_FUNCTION = YES;
				GCC_WARN_UNUSED_VARIABLE = YES;
				IPHONEOS_DEPLOYMENT_TARGET = 13.2;
				MTL_ENABLE_DEBUG_INFO = NO;
				MTL_FAST_MATH = YES;
				SDKROOT = iphoneos;
				SWIFT_COMPILATION_MODE = wholemodule;
				SWIFT_OPTIMIZATION_LEVEL = "-O";
				VALIDATE_PRODUCT = YES;
			};
			name = Release;
		};
		1EB0BD2F237679A10023A340 /* Debug */ = {
			isa = XCBuildConfiguration;
			buildSettings = {
				ASSETCATALOG_COMPILER_APPICON_NAME = AppIcon;
				CODE_SIGN_STYLE = Automatic;
				DEVELOPMENT_TEAM = V9N7Q5PFTZ;
				INFOPLIST_FILE = Inventory/Info.plist;
				LD_RUNPATH_SEARCH_PATHS = (
					"$(inherited)",
					"@executable_path/Frameworks",
				);
				PRODUCT_BUNDLE_IDENTIFIER = cpbrz5.Inventory;
				PRODUCT_NAME = "$(TARGET_NAME)";
				SWIFT_VERSION = 5.0;
				TARGETED_DEVICE_FAMILY = "1,2";
			};
			name = Debug;
		};
		1EB0BD30237679A10023A340 /* Release */ = {
			isa = XCBuildConfiguration;
			buildSettings = {
				ASSETCATALOG_COMPILER_APPICON_NAME = AppIcon;
				CODE_SIGN_STYLE = Automatic;
				DEVELOPMENT_TEAM = V9N7Q5PFTZ;
				INFOPLIST_FILE = Inventory/Info.plist;
				LD_RUNPATH_SEARCH_PATHS = (
					"$(inherited)",
					"@executable_path/Frameworks",
				);
				PRODUCT_BUNDLE_IDENTIFIER = cpbrz5.Inventory;
				PRODUCT_NAME = "$(TARGET_NAME)";
				SWIFT_VERSION = 5.0;
				TARGETED_DEVICE_FAMILY = "1,2";
			};
			name = Release;
		};
		1EB0BD32237679A10023A340 /* Debug */ = {
			isa = XCBuildConfiguration;
			buildSettings = {
				ALWAYS_EMBED_SWIFT_STANDARD_LIBRARIES = YES;
				BUNDLE_LOADER = "$(TEST_HOST)";
				CODE_SIGN_STYLE = Automatic;
				DEVELOPMENT_TEAM = V9N7Q5PFTZ;
				INFOPLIST_FILE = InventoryTests/Info.plist;
				IPHONEOS_DEPLOYMENT_TARGET = 13.2;
				LD_RUNPATH_SEARCH_PATHS = (
					"$(inherited)",
					"@executable_path/Frameworks",
					"@loader_path/Frameworks",
				);
				PRODUCT_BUNDLE_IDENTIFIER = cpbrz5.InventoryTests;
				PRODUCT_NAME = "$(TARGET_NAME)";
				SWIFT_VERSION = 5.0;
				TARGETED_DEVICE_FAMILY = "1,2";
				TEST_HOST = "$(BUILT_PRODUCTS_DIR)/Inventory.app/Inventory";
			};
			name = Debug;
		};
		1EB0BD33237679A10023A340 /* Release */ = {
			isa = XCBuildConfiguration;
			buildSettings = {
				ALWAYS_EMBED_SWIFT_STANDARD_LIBRARIES = YES;
				BUNDLE_LOADER = "$(TEST_HOST)";
				CODE_SIGN_STYLE = Automatic;
				DEVELOPMENT_TEAM = V9N7Q5PFTZ;
				INFOPLIST_FILE = InventoryTests/Info.plist;
				IPHONEOS_DEPLOYMENT_TARGET = 13.2;
				LD_RUNPATH_SEARCH_PATHS = (
					"$(inherited)",
					"@executable_path/Frameworks",
					"@loader_path/Frameworks",
				);
				PRODUCT_BUNDLE_IDENTIFIER = cpbrz5.InventoryTests;
				PRODUCT_NAME = "$(TARGET_NAME)";
				SWIFT_VERSION = 5.0;
				TARGETED_DEVICE_FAMILY = "1,2";
				TEST_HOST = "$(BUILT_PRODUCTS_DIR)/Inventory.app/Inventory";
			};
			name = Release;
		};
		1EB0BD35237679A10023A340 /* Debug */ = {
			isa = XCBuildConfiguration;
			buildSettings = {
				ALWAYS_EMBED_SWIFT_STANDARD_LIBRARIES = YES;
				CODE_SIGN_STYLE = Automatic;
				DEVELOPMENT_TEAM = V9N7Q5PFTZ;
				INFOPLIST_FILE = InventoryUITests/Info.plist;
				LD_RUNPATH_SEARCH_PATHS = (
					"$(inherited)",
					"@executable_path/Frameworks",
					"@loader_path/Frameworks",
				);
				PRODUCT_BUNDLE_IDENTIFIER = cpbrz5.InventoryUITests;
				PRODUCT_NAME = "$(TARGET_NAME)";
				SWIFT_VERSION = 5.0;
				TARGETED_DEVICE_FAMILY = "1,2";
				TEST_TARGET_NAME = Inventory;
			};
			name = Debug;
		};
		1EB0BD36237679A10023A340 /* Release */ = {
			isa = XCBuildConfiguration;
			buildSettings = {
				ALWAYS_EMBED_SWIFT_STANDARD_LIBRARIES = YES;
				CODE_SIGN_STYLE = Automatic;
				DEVELOPMENT_TEAM = V9N7Q5PFTZ;
				INFOPLIST_FILE = InventoryUITests/Info.plist;
				LD_RUNPATH_SEARCH_PATHS = (
					"$(inherited)",
					"@executable_path/Frameworks",
					"@loader_path/Frameworks",
				);
				PRODUCT_BUNDLE_IDENTIFIER = cpbrz5.InventoryUITests;
				PRODUCT_NAME = "$(TARGET_NAME)";
				SWIFT_VERSION = 5.0;
				TARGETED_DEVICE_FAMILY = "1,2";
				TEST_TARGET_NAME = Inventory;
			};
			name = Release;
		};
/* End XCBuildConfiguration section */

/* Begin XCConfigurationList section */
		1EB0BCFF237679A00023A340 /* Build configuration list for PBXProject "Inventory" */ = {
			isa = XCConfigurationList;
			buildConfigurations = (
				1EB0BD2C237679A10023A340 /* Debug */,
				1EB0BD2D237679A10023A340 /* Release */,
			);
			defaultConfigurationIsVisible = 0;
			defaultConfigurationName = Release;
		};
		1EB0BD2E237679A10023A340 /* Build configuration list for PBXNativeTarget "Inventory" */ = {
			isa = XCConfigurationList;
			buildConfigurations = (
				1EB0BD2F237679A10023A340 /* Debug */,
				1EB0BD30237679A10023A340 /* Release */,
			);
			defaultConfigurationIsVisible = 0;
			defaultConfigurationName = Release;
		};
		1EB0BD31237679A10023A340 /* Build configuration list for PBXNativeTarget "InventoryTests" */ = {
			isa = XCConfigurationList;
			buildConfigurations = (
				1EB0BD32237679A10023A340 /* Debug */,
				1EB0BD33237679A10023A340 /* Release */,
			);
			defaultConfigurationIsVisible = 0;
			defaultConfigurationName = Release;
		};
		1EB0BD34237679A10023A340 /* Build configuration list for PBXNativeTarget "InventoryUITests" */ = {
			isa = XCConfigurationList;
			buildConfigurations = (
				1EB0BD35237679A10023A340 /* Debug */,
				1EB0BD36237679A10023A340 /* Release */,
			);
			defaultConfigurationIsVisible = 0;
			defaultConfigurationName = Release;
		};
/* End XCConfigurationList section */
	};
	rootObject = 1EB0BCFC237679A00023A340 /* Project object */;
}
